
Microsoft Visual Studio Solution File, Format Version 12.00
# Visual Studio Version 17
VisualStudioVersion = 17.6.33712.159
MinimumVisualStudioVersion = 10.0.40219.1
Project("{FAE04EC0-301F-11D3-BF4B-00C04F79EFBC}") = "HRCounter", "HRCounter\HRCounter.csproj", "{331A4959-7BD6-406D-A94B-5C7F34680580}"
EndProject
Project("{54A90642-561A-4BB1-A94E-469ADEE60C69}") = "ConfigGenerator", "ConfigGenerator\ConfigGenerator.esproj", "{2A05F1BA-4989-476D-8EA1-53D6CF958A90}"
EndProject
Global
	GlobalSection(SolutionConfigurationPlatforms) = preSolution
		Debug|Any CPU = Debug|Any CPU
		Release|Any CPU = Release|Any CPU
	EndGlobalSection
	GlobalSection(ProjectConfigurationPlatforms) = postSolution
		{331A4959-7BD6-406D-A94B-5C7F34680580}.Debug|Any CPU.ActiveCfg = Debug|Any CPU
		{331A4959-7BD6-406D-A94B-5C7F34680580}.Debug|Any CPU.Build.0 = Debug|Any CPU
		{331A4959-7BD6-406D-A94B-5C7F34680580}.Release|Any CPU.ActiveCfg = Release|Any CPU
		{331A4959-7BD6-406D-A94B-5C7F34680580}.Release|Any CPU.Build.0 = Release|Any CPU
		{2A05F1BA-4989-476D-8EA1-53D6CF958A90}.Debug|Any CPU.ActiveCfg = Debug|Any CPU
		{2A05F1BA-4989-476D-8EA1-53D6CF958A90}.Debug|Any CPU.Build.0 = Debug|Any CPU
		{2A05F1BA-4989-476D-8EA1-53D6CF958A90}.Debug|Any CPU.Deploy.0 = Debug|Any CPU
		{2A05F1BA-4989-476D-8EA1-53D6CF958A90}.Release|Any CPU.ActiveCfg = Release|Any CPU
		{2A05F1BA-4989-476D-8EA1-53D6CF958A90}.Release|Any CPU.Build.0 = Release|Any CPU
		{2A05F1BA-4989-476D-8EA1-53D6CF958A90}.Release|Any CPU.Deploy.0 = Release|Any CPU
	EndGlobalSection
	GlobalSection(SolutionProperties) = preSolution
		HideSolutionNode = FALSE
	EndGlobalSection
	GlobalSection(ExtensibilityGlobals) = postSolution
		SolutionGuid = {935B031D-48E5-4494-ADC7-39F0B6EFDF22}
	EndGlobalSection
EndGlobal
